// !$*UTF8*$!
{
	archiveVersion = 1;
	classes = {
	};
	objectVersion = 77;
	objects = {

/* Begin PBXContainerItemProxy section */
		E91BA8FB2CA435B500AB5429 /* PBXContainerItemProxy */ = {
			isa = PBXContainerItemProxy;
			containerPortal = E91BA8E22CA435B400AB5429 /* Project object */;
			proxyType = 1;
			remoteGlobalIDString = E91BA8E92CA435B400AB5429;
			remoteInfo = VirtualLocation;
		};
		E91BA9052CA435B500AB5429 /* PBXContainerItemProxy */ = {
			isa = PBXContainerItemProxy;
			containerPortal = E91BA8E22CA435B400AB5429 /* Project object */;
			proxyType = 1;
			remoteGlobalIDString = E91BA8E92CA435B400AB5429;
			remoteInfo = VirtualLocation;
		};
/* End PBXContainerItemProxy section */

/* Begin PBXFileReference section */
		E91BA8EA2CA435B400AB5429 /* VirtualLocation.app */ = {isa = PBXFileReference; explicitFileType = wrapper.application; includeInIndex = 0; path = VirtualLocation.app; sourceTree = BUILT_PRODUCTS_DIR; };
		E91BA8FA2CA435B500AB5429 /* VirtualLocationTests.xctest */ = {isa = PBXFileReference; explicitFileType = wrapper.cfbundle; includeInIndex = 0; path = VirtualLocationTests.xctest; sourceTree = BUILT_PRODUCTS_DIR; };
		E91BA9042CA435B500AB5429 /* VirtualLocationUITests.xctest */ = {isa = PBXFileReference; explicitFileType = wrapper.cfbundle; includeInIndex = 0; path = VirtualLocationUITests.xctest; sourceTree = BUILT_PRODUCTS_DIR; };
/* End PBXFileReference section */

/* Begin PBXFileSystemSynchronizedRootGroup section */
		E91BA8EC2CA435B400AB5429 /* VirtualLocation */ = {
			isa = PBXFileSystemSynchronizedRootGroup;
			path = VirtualLocation;
			sourceTree = "<group>";
		};
		E91BA8FD2CA435B500AB5429 /* VirtualLocationTests */ = {
			isa = PBXFileSystemSynchronizedRootGroup;
			path = VirtualLocationTests;
			sourceTree = "<group>";
		};
		E91BA9072CA435B500AB5429 /* VirtualLocationUITests */ = {
			isa = PBXFileSystemSynchronizedRootGroup;
			path = VirtualLocationUITests;
			sourceTree = "<group>";
		};
/* End PBXFileSystemSynchronizedRootGroup section */

/* Begin PBXFrameworksBuildPhase section */
		E91BA8E72CA435B400AB5429 /* Frameworks */ = {
			isa = PBXFrameworksBuildPhase;
			buildActionMask = 2147483647;
			files = (
			);
			runOnlyForDeploymentPostprocessing = 0;
		};
		E91BA8F72CA435B500AB5429 /* Frameworks */ = {
			isa = PBXFrameworksBuildPhase;
			buildActionMask = 2147483647;
			files = (
			);
			runOnlyForDeploymentPostprocessing = 0;
		};
		E91BA9012CA435B500AB5429 /* Frameworks */ = {
			isa = PBXFrameworksBuildPhase;
			buildActionMask = 2147483647;
			files = (
			);
			runOnlyForDeploymentPostprocessing = 0;
		};
/* End PBXFrameworksBuildPhase section */

/* Begin PBXGroup section */
		E91BA8E12CA435B400AB5429 = {
			isa = PBXGroup;
			children = (
				E91BA8EC2CA435B400AB5429 /* VirtualLocation */,
				E91BA8FD2CA435B500AB5429 /* VirtualLocationTests */,
				E91BA9072CA435B500AB5429 /* VirtualLocationUITests */,
				E91BA8EB2CA435B400AB5429 /* Products */,
			);
			sourceTree = "<group>";
		};
		E91BA8EB2CA435B400AB5429 /* Products */ = {
			isa = PBXGroup;
			children = (
				E91BA8EA2CA435B400AB5429 /* VirtualLocation.app */,
				E91BA8FA2CA435B500AB5429 /* VirtualLocationTests.xctest */,
				E91BA9042CA435B500AB5429 /* VirtualLocationUITests.xctest */,
			);
			name = Products;
			sourceTree = "<group>";
		};
/* End PBXGroup section */

/* Begin PBXNativeTarget section */
		E91BA8E92CA435B400AB5429 /* VirtualLocation */ = {
			isa = PBXNativeTarget;
			buildConfigurationList = E91BA90E2CA435B500AB5429 /* Build configuration list for PBXNativeTarget "VirtualLocation" */;
			buildPhases = (
				E91BA8E62CA435B400AB5429 /* Sources */,
				E91BA8E72CA435B400AB5429 /* Frameworks */,
				E91BA8E82CA435B400AB5429 /* Resources */,
			);
			buildRules = (
			);
			dependencies = (
			);
			fileSystemSynchronizedGroups = (
				E91BA8EC2CA435B400AB5429 /* VirtualLocation */,
			);
			name = VirtualLocation;
			packageProductDependencies = (
			);
			productName = VirtualLocation;
			productReference = E91BA8EA2CA435B400AB5429 /* VirtualLocation.app */;
			productType = "com.apple.product-type.application";
		};
		E91BA8F92CA435B500AB5429 /* VirtualLocationTests */ = {
			isa = PBXNativeTarget;
			buildConfigurationList = E91BA9112CA435B500AB5429 /* Build configuration list for PBXNativeTarget "VirtualLocationTests" */;
			buildPhases = (
				E91BA8F62CA435B500AB5429 /* Sources */,
				E91BA8F72CA435B500AB5429 /* Frameworks */,
				E91BA8F82CA435B500AB5429 /* Resources */,
			);
			buildRules = (
			);
			dependencies = (
				E91BA8FC2CA435B500AB5429 /* PBXTargetDependency */,
			);
			fileSystemSynchronizedGroups = (
				E91BA8FD2CA435B500AB5429 /* VirtualLocationTests */,
			);
			name = VirtualLocationTests;
			packageProductDependencies = (
			);
			productName = VirtualLocationTests;
			productReference = E91BA8FA2CA435B500AB5429 /* VirtualLocationTests.xctest */;
			productType = "com.apple.product-type.bundle.unit-test";
		};
		E91BA9032CA435B500AB5429 /* VirtualLocationUITests */ = {
			isa = PBXNativeTarget;
			buildConfigurationList = E91BA9142CA435B500AB5429 /* Build configuration list for PBXNativeTarget "VirtualLocationUITests" */;
			buildPhases = (
				E91BA9002CA435B500AB5429 /* Sources */,
				E91BA9012CA435B500AB5429 /* Frameworks */,
				E91BA9022CA435B500AB5429 /* Resources */,
			);
			buildRules = (
			);
			dependencies = (
				E91BA9062CA435B500AB5429 /* PBXTargetDependency */,
			);
			fileSystemSynchronizedGroups = (
				E91BA9072CA435B500AB5429 /* VirtualLocationUITests */,
			);
			name = VirtualLocationUITests;
			packageProductDependencies = (
			);
			productName = VirtualLocationUITests;
			productReference = E91BA9042CA435B500AB5429 /* VirtualLocationUITests.xctest */;
			productType = "com.apple.product-type.bundle.ui-testing";
		};
/* End PBXNativeTarget section */

/* Begin PBXProject section */
		E91BA8E22CA435B400AB5429 /* Project object */ = {
			isa = PBXProject;
			attributes = {
				BuildIndependentTargetsInParallel = 1;
				LastSwiftUpdateCheck = 1600;
				LastUpgradeCheck = 1600;
				TargetAttributes = {
					E91BA8E92CA435B400AB5429 = {
						CreatedOnToolsVersion = 16.0;
					};
					E91BA8F92CA435B500AB5429 = {
						CreatedOnToolsVersion = 16.0;
						TestTargetID = E91BA8E92CA435B400AB5429;
					};
					E91BA9032CA435B500AB5429 = {
						CreatedOnToolsVersion = 16.0;
						TestTargetID = E91BA8E92CA435B400AB5429;
					};
				};
			};
			buildConfigurationList = E91BA8E52CA435B400AB5429 /* Build configuration list for PBXProject "VirtualLocation" */;
			developmentRegion = en;
			hasScannedForEncodings = 0;
			knownRegions = (
				en,
				Base,
			);
			mainGroup = E91BA8E12CA435B400AB5429;
			minimizedProjectReferenceProxies = 1;
			preferredProjectObjectVersion = 77;
			productRefGroup = E91BA8EB2CA435B400AB5429 /* Products */;
			projectDirPath = "";
			projectRoot = "";
			targets = (
				E91BA8E92CA435B400AB5429 /* VirtualLocation */,
				E91BA8F92CA435B500AB5429 /* VirtualLocationTests */,
				E91BA9032CA435B500AB5429 /* VirtualLocationUITests */,
			);
		};
/* End PBXProject section */

/* Begin PBXResourcesBuildPhase section */
		E91BA8E82CA435B400AB5429 /* Resources */ = {
			isa = PBXResourcesBuildPhase;
			buildActionMask = 2147483647;
			files = (
			);
			runOnlyForDeploymentPostprocessing = 0;
		};
		E91BA8F82CA435B500AB5429 /* Resources */ = {
			isa = PBXResourcesBuildPhase;
			buildActionMask = 2147483647;
			files = (
			);
			runOnlyForDeploymentPostprocessing = 0;
		};
		E91BA9022CA435B500AB5429 /* Resources */ = {
			isa = PBXResourcesBuildPhase;
			buildActionMask = 2147483647;
			files = (
			);
			runOnlyForDeploymentPostprocessing = 0;
		};
/* End PBXResourcesBuildPhase section */

/* Begin PBXSourcesBuildPhase section */
		E91BA8E62CA435B400AB5429 /* Sources */ = {
			isa = PBXSourcesBuildPhase;
			buildActionMask = 2147483647;
			files = (
			);
			runOnlyForDeploymentPostprocessing = 0;
		};
		E91BA8F62CA435B500AB5429 /* Sources */ = {
			isa = PBXSourcesBuildPhase;
			buildActionMask = 2147483647;
			files = (
			);
			runOnlyForDeploymentPostprocessing = 0;
		};
		E91BA9002CA435B500AB5429 /* Sources */ = {
			isa = PBXSourcesBuildPhase;
			buildActionMask = 2147483647;
			files = (
			);
			runOnlyForDeploymentPostprocessing = 0;
		};
/* End PBXSourcesBuildPhase section */

/* Begin PBXTargetDependency section */
		E91BA8FC2CA435B500AB5429 /* PBXTargetDependency */ = {
			isa = PBXTargetDependency;
			target = E91BA8E92CA435B400AB5429 /* VirtualLocation */;
			targetProxy = E91BA8FB2CA435B500AB5429 /* PBXContainerItemProxy */;
		};
		E91BA9062CA435B500AB5429 /* PBXTargetDependency */ = {
			isa = PBXTargetDependency;
			target = E91BA8E92CA435B400AB5429 /* VirtualLocation */;
			targetProxy = E91BA9052CA435B500AB5429 /* PBXContainerItemProxy */;
		};
/* End PBXTargetDependency section */

/* Begin XCBuildConfiguration section */
		E91BA90C2CA435B500AB5429 /* Debug */ = {
			isa = XCBuildConfiguration;
			buildSettings = {
				ALWAYS_SEARCH_USER_PATHS = NO;
				ASSETCATALOG_COMPILER_GENERATE_SWIFT_ASSET_SYMBOL_EXTENSIONS = YES;
				CLANG_ANALYZER_NONNULL = YES;
				CLANG_ANALYZER_NUMBER_OBJECT_CONVERSION = YES_AGGRESSIVE;
				CLANG_CXX_LANGUAGE_STANDARD = "gnu++20";
				CLANG_ENABLE_MODULES = YES;
				CLANG_ENABLE_OBJC_ARC = YES;
				CLANG_ENABLE_OBJC_WEAK = YES;
				CLANG_WARN_BLOCK_CAPTURE_AUTORELEASING = YES;
				CLANG_WARN_BOOL_CONVERSION = YES;
				CLANG_WARN_COMMA = YES;
				CLANG_WARN_CONSTANT_CONVERSION = YES;
				CLANG_WARN_DEPRECATED_OBJC_IMPLEMENTATIONS = YES;
				CLANG_WARN_DIRECT_OBJC_ISA_USAGE = YES_ERROR;
				CLANG_WARN_DOCUMENTATION_COMMENTS = YES;
				CLANG_WARN_EMPTY_BODY = YES;
				CLANG_WARN_ENUM_CONVERSION = YES;
				CLANG_WARN_INFINITE_RECURSION = YES;
				CLANG_WARN_INT_CONVERSION = YES;
				CLANG_WARN_NON_LITERAL_NULL_CONVERSION = YES;
				CLANG_WARN_OBJC_IMPLICIT_RETAIN_SELF = YES;
				CLANG_WARN_OBJC_LITERAL_CONVERSION = YES;
				CLANG_WARN_OBJC_ROOT_CLASS = YES_ERROR;
				CLANG_WARN_QUOTED_INCLUDE_IN_FRAMEWORK_HEADER = YES;
				CLANG_WARN_RANGE_LOOP_ANALYSIS = YES;
				CLANG_WARN_STRICT_PROTOTYPES = YES;
				CLANG_WARN_SUSPICIOUS_MOVE = YES;
				CLANG_WARN_UNGUARDED_AVAILABILITY = YES_AGGRESSIVE;
				CLANG_WARN_UNREACHABLE_CODE = YES;
				CLANG_WARN__DUPLICATE_METHOD_MATCH = YES;
				COPY_PHASE_STRIP = NO;
				DEBUG_INFORMATION_FORMAT = dwarf;
				ENABLE_STRICT_OBJC_MSGSEND = YES;
				ENABLE_TESTABILITY = YES;
				ENABLE_USER_SCRIPT_SANDBOXING = YES;
				GCC_C_LANGUAGE_STANDARD = gnu17;
				GCC_DYNAMIC_NO_PIC = NO;
				GCC_NO_COMMON_BLOCKS = YES;
				GCC_OPTIMIZATION_LEVEL = 0;
				GCC_PREPROCESSOR_DEFINITIONS = (
					"DEBUG=1",
					"$(inherited)",
				);
				GCC_WARN_64_TO_32_BIT_CONVERSION = YES;
				GCC_WARN_ABOUT_RETURN_TYPE = YES_ERROR;
				GCC_WARN_UNDECLARED_SELECTOR = YES;
				GCC_WARN_UNINITIALIZED_AUTOS = YES_AGGRESSIVE;
				GCC_WARN_UNUSED_FUNCTION = YES;
				GCC_WARN_UNUSED_VARIABLE = YES;
				IPHONEOS_DEPLOYMENT_TARGET = 18.0;
				LOCALIZATION_PREFERS_STRING_CATALOGS = YES;
				MTL_ENABLE_DEBUG_INFO = INCLUDE_SOURCE;
				MTL_FAST_MATH = YES;
				ONLY_ACTIVE_ARCH = YES;
				SDKROOT = iphoneos;
				SWIFT_ACTIVE_COMPILATION_CONDITIONS = "DEBUG $(inherited)";
				SWIFT_OPTIMIZATION_LEVEL = "-Onone";
			};
			name = Debug;
		};
		E91BA90D2CA435B500AB5429 /* Release */ = {
			isa = XCBuildConfiguration;
			buildSettings = {
				ALWAYS_SEARCH_USER_PATHS = NO;
				ASSETCATALOG_COMPILER_GENERATE_SWIFT_ASSET_SYMBOL_EXTENSIONS = YES;
				CLANG_ANALYZER_NONNULL = YES;
				CLANG_ANALYZER_NUMBER_OBJECT_CONVERSION = YES_AGGRESSIVE;
				CLANG_CXX_LANGUAGE_STANDARD = "gnu++20";
				CLANG_ENABLE_MODULES = YES;
				CLANG_ENABLE_OBJC_ARC = YES;
				CLANG_ENABLE_OBJC_WEAK = YES;
				CLANG_WARN_BLOCK_CAPTURE_AUTORELEASING = YES;
				CLANG_WARN_BOOL_CONVERSION = YES;
				CLANG_WARN_COMMA = YES;
				CLANG_WARN_CONSTANT_CONVERSION = YES;
				CLANG_WARN_DEPRECATED_OBJC_IMPLEMENTATIONS = YES;
				CLANG_WARN_DIRECT_OBJC_ISA_USAGE = YES_ERROR;
				CLANG_WARN_DOCUMENTATION_COMMENTS = YES;
				CLANG_WARN_EMPTY_BODY = YES;
				CLANG_WARN_ENUM_CONVERSION = YES;
				CLANG_WARN_INFINITE_RECURSION = YES;
				CLANG_WARN_INT_CONVERSION = YES;
				CLANG_WARN_NON_LITERAL_NULL_CONVERSION = YES;
				CLANG_WARN_OBJC_IMPLICIT_RETAIN_SELF = YES;
				CLANG_WARN_OBJC_LITERAL_CONVERSION = YES;
				CLANG_WARN_OBJC_ROOT_CLASS = YES_ERROR;
				CLANG_WARN_QUOTED_INCLUDE_IN_FRAMEWORK_HEADER = YES;
				CLANG_WARN_RANGE_LOOP_ANALYSIS = YES;
				CLANG_WARN_STRICT_PROTOTYPES = YES;
				CLANG_WARN_SUSPICIOUS_MOVE = YES;
				CLANG_WARN_UNGUARDED_AVAILABILITY = YES_AGGRESSIVE;
				CLANG_WARN_UNREACHABLE_CODE = YES;
				CLANG_WARN__DUPLICATE_METHOD_MATCH = YES;
				COPY_PHASE_STRIP = NO;
				DEBUG_INFORMATION_FORMAT = "dwarf-with-dsym";
				ENABLE_NS_ASSERTIONS = NO;
				ENABLE_STRICT_OBJC_MSGSEND = YES;
				ENABLE_USER_SCRIPT_SANDBOXING = YES;
				GCC_C_LANGUAGE_STANDARD = gnu17;
				GCC_NO_COMMON_BLOCKS = YES;
				GCC_WARN_64_TO_32_BIT_CONVERSION = YES;
				GCC_WARN_ABOUT_RETURN_TYPE = YES_ERROR;
				GCC_WARN_UNDECLARED_SELECTOR = YES;
				GCC_WARN_UNINITIALIZED_AUTOS = YES_AGGRESSIVE;
				GCC_WARN_UNUSED_FUNCTION = YES;
				GCC_WARN_UNUSED_VARIABLE = YES;
				IPHONEOS_DEPLOYMENT_TARGET = 18.0;
				LOCALIZATION_PREFERS_STRING_CATALOGS = YES;
				MTL_ENABLE_DEBUG_INFO = NO;
				MTL_FAST_MATH = YES;
				SDKROOT = iphoneos;
				SWIFT_COMPILATION_MODE = wholemodule;
				VALIDATE_PRODUCT = YES;
			};
			name = Release;
		};
		E91BA90F2CA435B500AB5429 /* Debug */ = {
			isa = XCBuildConfiguration;
			buildSettings = {
				ASSETCATALOG_COMPILER_APPICON_NAME = AppIcon;
				ASSETCATALOG_COMPILER_GLOBAL_ACCENT_COLOR_NAME = AccentColor;
				CODE_SIGN_STYLE = Automatic;
				CURRENT_PROJECT_VERSION = 1;
				DEVELOPMENT_ASSET_PATHS = "\"VirtualLocation/Preview Content\"";
				ENABLE_PREVIEWS = YES;
				GENERATE_INFOPLIST_FILE = YES;
				INFOPLIST_KEY_UIApplicationSceneManifest_Generation = YES;
				INFOPLIST_KEY_UIApplicationSupportsIndirectInputEvents = YES;
				INFOPLIST_KEY_UILaunchScreen_Generation = YES;
				INFOPLIST_KEY_UISupportedInterfaceOrientations_iPad = "UIInterfaceOrientationPortrait UIInterfaceOrientationPortraitUpsideDown UIInterfaceOrientationLandscapeLeft UIInterfaceOrientationLandscapeRight";
				INFOPLIST_KEY_UISupportedInterfaceOrientations_iPhone = "UIInterfaceOrientationPortrait UIInterfaceOrientationLandscapeLeft UIInterfaceOrientationLandscapeRight";
				LD_RUNPATH_SEARCH_PATHS = (
					"$(inherited)",
					"@executable_path/Frameworks",
				);
				MARKETING_VERSION = 1.0;
				PRODUCT_BUNDLE_IDENTIFIER = fun.ssoo.VirtualLocation;
				PRODUCT_NAME = "$(TARGET_NAME)";
				SWIFT_EMIT_LOC_STRINGS = YES;
				SWIFT_VERSION = 5.0;
				TARGETED_DEVICE_FAMILY = "1,2";
			};
			name = Debug;
		};
		E91BA9102CA435B500AB5429 /* Release */ = {
			isa = XCBuildConfiguration;
			buildSettings = {
				ASSETCATALOG_COMPILER_APPICON_NAME = AppIcon;
				ASSETCATALOG_COMPILER_GLOBAL_ACCENT_COLOR_NAME = AccentColor;
				CODE_SIGN_STYLE = Automatic;
				CURRENT_PROJECT_VERSION = 1;
				DEVELOPMENT_ASSET_PATHS = "\"VirtualLocation/Preview Content\"";
				ENABLE_PREVIEWS = YES;
				GENERATE_INFOPLIST_FILE = YES;
				INFOPLIST_KEY_UIApplicationSceneManifest_Generation = YES;
				INFOPLIST_KEY_UIApplicationSupportsIndirectInputEvents = YES;
				INFOPLIST_KEY_UILaunchScreen_Generation = YES;
				INFOPLIST_KEY_UISupportedInterfaceOrientations_iPad = "UIInterfaceOrientationPortrait UIInterfaceOrientationPortraitUpsideDown UIInterfaceOrientationLandscapeLeft UIInterfaceOrientationLandscapeRight";
				INFOPLIST_KEY_UISupportedInterfaceOrientations_iPhone = "UIInterfaceOrientationPortrait UIInterfaceOrientationLandscapeLeft UIInterfaceOrientationLandscapeRight";
				LD_RUNPATH_SEARCH_PATHS = (
					"$(inherited)",
					"@executable_path/Frameworks",
				);
				MARKETING_VERSION = 1.0;
				PRODUCT_BUNDLE_IDENTIFIER = fun.ssoo.VirtualLocation;
				PRODUCT_NAME = "$(TARGET_NAME)";
				SWIFT_EMIT_LOC_STRINGS = YES;
				SWIFT_VERSION = 5.0;
				TARGETED_DEVICE_FAMILY = "1,2";
			};
			name = Release;
		};
		E91BA9122CA435B500AB5429 /* Debug */ = {
			isa = XCBuildConfiguration;
			buildSettings = {
				BUNDLE_LOADER = "$(TEST_HOST)";
				CODE_SIGN_STYLE = Automatic;
				CURRENT_PROJECT_VERSION = 1;
				GENERATE_INFOPLIST_FILE = YES;
				IPHONEOS_DEPLOYMENT_TARGET = 18.0;
				MARKETING_VERSION = 1.0;
				PRODUCT_BUNDLE_IDENTIFIER = fun.ssoo.VirtualLocationTests;
				PRODUCT_NAME = "$(TARGET_NAME)";
				SWIFT_EMIT_LOC_STRINGS = NO;
				SWIFT_VERSION = 5.0;
				TARGETED_DEVICE_FAMILY = "1,2";
				TEST_HOST = "$(BUILT_PRODUCTS_DIR)/VirtualLocation.app/$(BUNDLE_EXECUTABLE_FOLDER_PATH)/VirtualLocation";
			};
			name = Debug;
		};
		E91BA9132CA435B500AB5429 /* Release */ = {
			isa = XCBuildConfiguration;
			buildSettings = {
				BUNDLE_LOADER = "$(TEST_HOST)";
				CODE_SIGN_STYLE = Automatic;
				CURRENT_PROJECT_VERSION = 1;
				GENERATE_INFOPLIST_FILE = YES;
				IPHONEOS_DEPLOYMENT_TARGET = 18.0;
				MARKETING_VERSION = 1.0;
				PRODUCT_BUNDLE_IDENTIFIER = fun.ssoo.VirtualLocationTests;
				PRODUCT_NAME = "$(TARGET_NAME)";
				SWIFT_EMIT_LOC_STRINGS = NO;
				SWIFT_VERSION = 5.0;
				TARGETED_DEVICE_FAMILY = "1,2";
				TEST_HOST = "$(BUILT_PRODUCTS_DIR)/VirtualLocation.app/$(BUNDLE_EXECUTABLE_FOLDER_PATH)/VirtualLocation";
			};
			name = Release;
		};
		E91BA9152CA435B500AB5429 /* Debug */ = {
			isa = XCBuildConfiguration;
			buildSettings = {
				CODE_SIGN_STYLE = Automatic;
				CURRENT_PROJECT_VERSION = 1;
				GENERATE_INFOPLIST_FILE = YES;
				MARKETING_VERSION = 1.0;
				PRODUCT_BUNDLE_IDENTIFIER = fun.ssoo.VirtualLocationUITests;
				PRODUCT_NAME = "$(TARGET_NAME)";
				SWIFT_EMIT_LOC_STRINGS = NO;
				SWIFT_VERSION = 5.0;
				TARGETED_DEVICE_FAMILY = "1,2";
				TEST_TARGET_NAME = VirtualLocation;
			};
			name = Debug;
		};
		E91BA9162CA435B500AB5429 /* Release */ = {
			isa = XCBuildConfiguration;
			buildSettings = {
				CODE_SIGN_STYLE = Automatic;
				CURRENT_PROJECT_VERSION = 1;
				GENERATE_INFOPLIST_FILE = YES;
				MARKETING_VERSION = 1.0;
				PRODUCT_BUNDLE_IDENTIFIER = fun.ssoo.VirtualLocationUITests;
				PRODUCT_NAME = "$(TARGET_NAME)";
				SWIFT_EMIT_LOC_STRINGS = NO;
				SWIFT_VERSION = 5.0;
				TARGETED_DEVICE_FAMILY = "1,2";
				TEST_TARGET_NAME = VirtualLocation;
			};
			name = Release;
		};
/* End XCBuildConfiguration section */

/* Begin XCConfigurationList section */
		E91BA8E52CA435B400AB5429 /* Build configuration list for PBXProject "VirtualLocation" */ = {
			isa = XCConfigurationList;
			buildConfigurations = (
				E91BA90C2CA435B500AB5429 /* Debug */,
				E91BA90D2CA435B500AB5429 /* Release */,
			);
			defaultConfigurationIsVisible = 0;
			defaultConfigurationName = Release;
		};
		E91BA90E2CA435B500AB5429 /* Build configuration list for PBXNativeTarget "VirtualLocation" */ = {
			isa = XCConfigurationList;
			buildConfigurations = (
				E91BA90F2CA435B500AB5429 /* Debug */,
				E91BA9102CA435B500AB5429 /* Release */,
			);
			defaultConfigurationIsVisible = 0;
			defaultConfigurationName = Release;
		};
		E91BA9112CA435B500AB5429 /* Build configuration list for PBXNativeTarget "VirtualLocationTests" */ = {
			isa = XCConfigurationList;
			buildConfigurations = (
				E91BA9122CA435B500AB5429 /* Debug */,
				E91BA9132CA435B500AB5429 /* Release */,
			);
			defaultConfigurationIsVisible = 0;
			defaultConfigurationName = Release;
		};
		E91BA9142CA435B500AB5429 /* Build configuration list for PBXNativeTarget "VirtualLocationUITests" */ = {
			isa = XCConfigurationList;
			buildConfigurations = (
				E91BA9152CA435B500AB5429 /* Debug */,
				E91BA9162CA435B500AB5429 /* Release */,
			);
			defaultConfigurationIsVisible = 0;
			defaultConfigurationName = Release;
		};
/* End XCConfigurationList section */
	};
	rootObject = E91BA8E22CA435B400AB5429 /* Project object */;
}
